
Microsoft Visual Studio Solution File, Format Version 12.00
# Visual Studio 15
Project("{FAE04EC0-301F-11D3-BF4B-00C04F79EFBC}") = "MvcMovie", "MvcMovie\MvcMovie.csproj", "{39959367-3763-4837-8103-57EF0E96662C}"
EndProject
Project("{FAE04EC0-301F-11D3-BF4B-00C04F79EFBC}") = "MvcMovie.Tests", "MvcMovie.Tests\MvcMovie.Tests.csproj", "{0D0FDAA6-27CB-403E-9A00-C04C06BF99D2}"
EndProject
Global
	GlobalSection(SolutionConfigurationPlatforms) = preSolution
		Debug|Any CPU = Debug|Any CPU
		Release|Any CPU = Release|Any CPU
	EndGlobalSection
	GlobalSection(ProjectConfigurationPlatforms) = postSolution
		{39959367-3763-4837-8103-57EF0E96662C}.Debug|Any CPU.ActiveCfg = Debug|Any CPU
		{39959367-3763-4837-8103-57EF0E96662C}.Debug|Any CPU.Build.0 = Debug|Any CPU
		{39959367-3763-4837-8103-57EF0E96662C}.Release|Any CPU.ActiveCfg = Release|Any CPU
		{39959367-3763-4837-8103-57EF0E96662C}.Release|Any CPU.Build.0 = Release|Any CPU
		{0D0FDAA6-27CB-403E-9A00-C04C06BF99D2}.Debug|Any CPU.ActiveCfg = Debug|Any CPU
		{0D0FDAA6-27CB-403E-9A00-C04C06BF99D2}.Debug|Any CPU.Build.0 = Debug|Any CPU
		{0D0FDAA6-27CB-403E-9A00-C04C06BF99D2}.Release|Any CPU.ActiveCfg = Release|Any CPU
		{0D0FDAA6-27CB-403E-9A00-C04C06BF99D2}.Release|Any CPU.Build.0 = Release|Any CPU
	EndGlobalSection
EndGlobal
